
Microsoft Visual Studio Solution File, Format Version 12.00
# Visual Studio Version 17
VisualStudioVersion = 17.1.32319.34
MinimumVisualStudioVersion = 10.0.40219.1
Project("{FAE04EC0-301F-11D3-BF4B-00C04F79EFBC}") = "CustomRandomList", "CustomRandomList\CustomRandomList.csproj", "{ABB10C1D-7EF5-4669-95FE-007B231CA722}"
EndProject
Project("{FAE04EC0-301F-11D3-BF4B-00C04F79EFBC}") = "CustomStack", "CustomStack\CustomStack.csproj", "{4EE7B73F-150E-4402-8208-CCFF1615B6EE}"
EndProject
Global
	GlobalSection(SolutionConfigurationPlatforms) = preSolution
		Debug|Any CPU = Debug|Any CPU
		Release|Any CPU = Release|Any CPU
	EndGlobalSection
	GlobalSection(ProjectConfigurationPlatforms) = postSolution
		{ABB10C1D-7EF5-4669-95FE-007B231CA722}.Debug|Any CPU.ActiveCfg = Debug|Any CPU
		{ABB10C1D-7EF5-4669-95FE-007B231CA722}.Debug|Any CPU.Build.0 = Debug|Any CPU
		{ABB10C1D-7EF5-4669-95FE-007B231CA722}.Release|Any CPU.ActiveCfg = Release|Any CPU
		{ABB10C1D-7EF5-4669-95FE-007B231CA722}.Release|Any CPU.Build.0 = Release|Any CPU
		{4EE7B73F-150E-4402-8208-CCFF1615B6EE}.Debug|Any CPU.ActiveCfg = Debug|Any CPU
		{4EE7B73F-150E-4402-8208-CCFF1615B6EE}.Debug|Any CPU.Build.0 = Debug|Any CPU
		{4EE7B73F-150E-4402-8208-CCFF1615B6EE}.Release|Any CPU.ActiveCfg = Release|Any CPU
		{4EE7B73F-150E-4402-8208-CCFF1615B6EE}.Release|Any CPU.Build.0 = Release|Any CPU
	EndGlobalSection
	GlobalSection(SolutionProperties) = preSolution
		HideSolutionNode = FALSE
	EndGlobalSection
	GlobalSection(ExtensibilityGlobals) = postSolution
		SolutionGuid = {552E947B-813E-4236-9C31-69768406F1A7}
	EndGlobalSection
EndGlobal
