
Microsoft Visual Studio Solution File, Format Version 12.00
# Visual Studio Version 17
VisualStudioVersion = 17.1.32319.34
MinimumVisualStudioVersion = 10.0.40219.1
Project("{FAE04EC0-301F-11D3-BF4B-00C04F79EFBC}") = "03.ShoppingSpree", "03.ShoppingSpree.csproj", "{A81DB76A-849A-466F-A84F-8894BB533CCD}"
EndProject
Global
	GlobalSection(SolutionConfigurationPlatforms) = preSolution
		Debug|Any CPU = Debug|Any CPU
		Release|Any CPU = Release|Any CPU
	EndGlobalSection
	GlobalSection(ProjectConfigurationPlatforms) = postSolution
		{A81DB76A-849A-466F-A84F-8894BB533CCD}.Debug|Any CPU.ActiveCfg = Debug|Any CPU
		{A81DB76A-849A-466F-A84F-8894BB533CCD}.Debug|Any CPU.Build.0 = Debug|Any CPU
		{A81DB76A-849A-466F-A84F-8894BB533CCD}.Release|Any CPU.ActiveCfg = Release|Any CPU
		{A81DB76A-849A-466F-A84F-8894BB533CCD}.Release|Any CPU.Build.0 = Release|Any CPU
	EndGlobalSection
	GlobalSection(SolutionProperties) = preSolution
		HideSolutionNode = FALSE
	EndGlobalSection
	GlobalSection(ExtensibilityGlobals) = postSolution
		SolutionGuid = {113DB2C9-C4F8-4A12-8210-27493AF40D1B}
	EndGlobalSection
EndGlobal
