
Microsoft Visual Studio Solution File, Format Version 12.00
# Visual Studio Version 17
VisualStudioVersion = 17.1.32319.34
MinimumVisualStudioVersion = 10.0.40219.1
Project("{9A19103F-16F7-4668-BE54-9A1E7A4F7556}") = "01.Vehicles", "01.Vehicles\01.Vehicles.csproj", "{7454E177-A277-4D66-877D-F1EB92A393D3}"
EndProject
Project("{FAE04EC0-301F-11D3-BF4B-00C04F79EFBC}") = "02.VehiclesExtension", "02.VehiclesExtension\02.VehiclesExtension.csproj", "{91CC4B19-88D2-4642-9DD7-56D1FBF00403}"
EndProject
Global
	GlobalSection(SolutionConfigurationPlatforms) = preSolution
		Debug|Any CPU = Debug|Any CPU
		Release|Any CPU = Release|Any CPU
	EndGlobalSection
	GlobalSection(ProjectConfigurationPlatforms) = postSolution
		{7454E177-A277-4D66-877D-F1EB92A393D3}.Debug|Any CPU.ActiveCfg = Debug|Any CPU
		{7454E177-A277-4D66-877D-F1EB92A393D3}.Debug|Any CPU.Build.0 = Debug|Any CPU
		{7454E177-A277-4D66-877D-F1EB92A393D3}.Release|Any CPU.ActiveCfg = Release|Any CPU
		{7454E177-A277-4D66-877D-F1EB92A393D3}.Release|Any CPU.Build.0 = Release|Any CPU
		{91CC4B19-88D2-4642-9DD7-56D1FBF00403}.Debug|Any CPU.ActiveCfg = Debug|Any CPU
		{91CC4B19-88D2-4642-9DD7-56D1FBF00403}.Debug|Any CPU.Build.0 = Debug|Any CPU
		{91CC4B19-88D2-4642-9DD7-56D1FBF00403}.Release|Any CPU.ActiveCfg = Release|Any CPU
		{91CC4B19-88D2-4642-9DD7-56D1FBF00403}.Release|Any CPU.Build.0 = Release|Any CPU
	EndGlobalSection
	GlobalSection(SolutionProperties) = preSolution
		HideSolutionNode = FALSE
	EndGlobalSection
	GlobalSection(ExtensibilityGlobals) = postSolution
		SolutionGuid = {85B9DD7C-30B7-4E53-91B0-CDB162766836}
	EndGlobalSection
EndGlobal
